// !$*UTF8*$!
{
	archiveVersion = 1;
	classes = {
	};
	objectVersion = 50;
	objects = {

/* Begin PBXBuildFile section */
		82CFCF302317D78800739941 /* AppDelegate.m in Sources */ = {isa = PBXBuildFile; fileRef = 82CFCF2F2317D78800739941 /* AppDelegate.m */; };
		82CFCF362317D78800739941 /* Main.storyboard in Resources */ = {isa = PBXBuildFile; fileRef = 82CFCF342317D78800739941 /* Main.storyboard */; };
		82CFCF382317D78A00739941 /* Assets.xcassets in Resources */ = {isa = PBXBuildFile; fileRef = 82CFCF372317D78A00739941 /* Assets.xcassets */; };
		82CFCF3B2317D78A00739941 /* LaunchScreen.storyboard in Resources */ = {isa = PBXBuildFile; fileRef = 82CFCF392317D78A00739941 /* LaunchScreen.storyboard */; };
		82CFCF3E2317D78A00739941 /* main.m in Sources */ = {isa = PBXBuildFile; fileRef = 82CFCF3D2317D78A00739941 /* main.m */; };
		82CFCF482317D78B00739941 /* iOSTestDemoTests.m in Sources */ = {isa = PBXBuildFile; fileRef = 82CFCF472317D78B00739941 /* iOSTestDemoTests.m */; };
		82CFCF532317D78B00739941 /* iOSTestDemoUITests.m in Sources */ = {isa = PBXBuildFile; fileRef = 82CFCF522317D78B00739941 /* iOSTestDemoUITests.m */; };
		82CFCF622317ED4A00739941 /* HomeViewController.m in Sources */ = {isa = PBXBuildFile; fileRef = 82CFCF612317ED4A00739941 /* HomeViewController.m */; };
		F8E62278F0D3C2EE5856978E /* libPods-iOSTestDemo.a in Frameworks */ = {isa = PBXBuildFile; fileRef = AEB0D5552F9C022207B4D063 /* libPods-iOSTestDemo.a */; };
/* End PBXBuildFile section */

/* Begin PBXContainerItemProxy section */
		82CFCF442317D78B00739941 /* PBXContainerItemProxy */ = {
			isa = PBXContainerItemProxy;
			containerPortal = 82CFCF232317D78800739941 /* Project object */;
			proxyType = 1;
			remoteGlobalIDString = 82CFCF2A2317D78800739941;
			remoteInfo = iOSTestDemo;
		};
		82CFCF4F2317D78B00739941 /* PBXContainerItemProxy */ = {
			isa = PBXContainerItemProxy;
			containerPortal = 82CFCF232317D78800739941 /* Project object */;
			proxyType = 1;
			remoteGlobalIDString = 82CFCF2A2317D78800739941;
			remoteInfo = iOSTestDemo;
		};
/* End PBXContainerItemProxy section */

/* Begin PBXFileReference section */
		14412E898A9D1EB7B150EA5D /* Pods-iOSTestDemo.debug.xcconfig */ = {isa = PBXFileReference; includeInIndex = 1; lastKnownFileType = text.xcconfig; name = "Pods-iOSTestDemo.debug.xcconfig"; path = "Pods/Target Support Files/Pods-iOSTestDemo/Pods-iOSTestDemo.debug.xcconfig"; sourceTree = "<group>"; };
		82CFCF2B2317D78800739941 /* iOSTestDemo.app */ = {isa = PBXFileReference; explicitFileType = wrapper.application; includeInIndex = 0; path = iOSTestDemo.app; sourceTree = BUILT_PRODUCTS_DIR; };
		82CFCF2E2317D78800739941 /* AppDelegate.h */ = {isa = PBXFileReference; lastKnownFileType = sourcecode.c.h; path = AppDelegate.h; sourceTree = "<group>"; };
		82CFCF2F2317D78800739941 /* AppDelegate.m */ = {isa = PBXFileReference; lastKnownFileType = sourcecode.c.objc; path = AppDelegate.m; sourceTree = "<group>"; };
		82CFCF352317D78800739941 /* Base */ = {isa = PBXFileReference; lastKnownFileType = file.storyboard; name = Base; path = Base.lproj/Main.storyboard; sourceTree = "<group>"; };
		82CFCF372317D78A00739941 /* Assets.xcassets */ = {isa = PBXFileReference; lastKnownFileType = folder.assetcatalog; path = Assets.xcassets; sourceTree = "<group>"; };
		82CFCF3A2317D78A00739941 /* Base */ = {isa = PBXFileReference; lastKnownFileType = file.storyboard; name = Base; path = Base.lproj/LaunchScreen.storyboard; sourceTree = "<group>"; };
		82CFCF3C2317D78A00739941 /* Info.plist */ = {isa = PBXFileReference; lastKnownFileType = text.plist.xml; path = Info.plist; sourceTree = "<group>"; };
		82CFCF3D2317D78A00739941 /* main.m */ = {isa = PBXFileReference; lastKnownFileType = sourcecode.c.objc; path = main.m; sourceTree = "<group>"; };
		82CFCF432317D78B00739941 /* iOSTestDemoTests.xctest */ = {isa = PBXFileReference; explicitFileType = wrapper.cfbundle; includeInIndex = 0; path = iOSTestDemoTests.xctest; sourceTree = BUILT_PRODUCTS_DIR; };
		82CFCF472317D78B00739941 /* iOSTestDemoTests.m */ = {isa = PBXFileReference; lastKnownFileType = sourcecode.c.objc; path = iOSTestDemoTests.m; sourceTree = "<group>"; };
		82CFCF492317D78B00739941 /* Info.plist */ = {isa = PBXFileReference; lastKnownFileType = text.plist.xml; path = Info.plist; sourceTree = "<group>"; };
		82CFCF4E2317D78B00739941 /* iOSTestDemoUITests.xctest */ = {isa = PBXFileReference; explicitFileType = wrapper.cfbundle; includeInIndex = 0; path = iOSTestDemoUITests.xctest; sourceTree = BUILT_PRODUCTS_DIR; };
		82CFCF522317D78B00739941 /* iOSTestDemoUITests.m */ = {isa = PBXFileReference; lastKnownFileType = sourcecode.c.objc; path = iOSTestDemoUITests.m; sourceTree = "<group>"; };
		82CFCF542317D78B00739941 /* Info.plist */ = {isa = PBXFileReference; lastKnownFileType = text.plist.xml; path = Info.plist; sourceTree = "<group>"; };
		82CFCF602317ED4A00739941 /* HomeViewController.h */ = {isa = PBXFileReference; lastKnownFileType = sourcecode.c.h; path = HomeViewController.h; sourceTree = "<group>"; };
		82CFCF612317ED4A00739941 /* HomeViewController.m */ = {isa = PBXFileReference; lastKnownFileType = sourcecode.c.objc; path = HomeViewController.m; sourceTree = "<group>"; };
		AEB0D5552F9C022207B4D063 /* libPods-iOSTestDemo.a */ = {isa = PBXFileReference; explicitFileType = archive.ar; includeInIndex = 0; path = "libPods-iOSTestDemo.a"; sourceTree = BUILT_PRODUCTS_DIR; };
		F618CF35D88D9E9866A4A3A7 /* Pods-iOSTestDemo.release.xcconfig */ = {isa = PBXFileReference; includeInIndex = 1; lastKnownFileType = text.xcconfig; name = "Pods-iOSTestDemo.release.xcconfig"; path = "Pods/Target Support Files/Pods-iOSTestDemo/Pods-iOSTestDemo.release.xcconfig"; sourceTree = "<group>"; };
/* End PBXFileReference section */

/* Begin PBXFrameworksBuildPhase section */
		82CFCF282317D78800739941 /* Frameworks */ = {
			isa = PBXFrameworksBuildPhase;
			buildActionMask = 2147483647;
			files = (
				F8E62278F0D3C2EE5856978E /* libPods-iOSTestDemo.a in Frameworks */,
			);
			runOnlyForDeploymentPostprocessing = 0;
		};
		82CFCF402317D78B00739941 /* Frameworks */ = {
			isa = PBXFrameworksBuildPhase;
			buildActionMask = 2147483647;
			files = (
			);
			runOnlyForDeploymentPostprocessing = 0;
		};
		82CFCF4B2317D78B00739941 /* Frameworks */ = {
			isa = PBXFrameworksBuildPhase;
			buildActionMask = 2147483647;
			files = (
			);
			runOnlyForDeploymentPostprocessing = 0;
		};
/* End PBXFrameworksBuildPhase section */

/* Begin PBXGroup section */
		3F73A16BB6DEB3F9DB3EA97F /* Pods */ = {
			isa = PBXGroup;
			children = (
				14412E898A9D1EB7B150EA5D /* Pods-iOSTestDemo.debug.xcconfig */,
				F618CF35D88D9E9866A4A3A7 /* Pods-iOSTestDemo.release.xcconfig */,
			);
			name = Pods;
			sourceTree = "<group>";
		};
		82CFCF222317D78800739941 = {
			isa = PBXGroup;
			children = (
				82CFCF2D2317D78800739941 /* iOSTestDemo */,
				82CFCF462317D78B00739941 /* iOSTestDemoTests */,
				82CFCF512317D78B00739941 /* iOSTestDemoUITests */,
				82CFCF2C2317D78800739941 /* Products */,
				3F73A16BB6DEB3F9DB3EA97F /* Pods */,
				D387E29B6EA70B1EFD006A01 /* Frameworks */,
			);
			sourceTree = "<group>";
		};
		82CFCF2C2317D78800739941 /* Products */ = {
			isa = PBXGroup;
			children = (
				82CFCF2B2317D78800739941 /* iOSTestDemo.app */,
				82CFCF432317D78B00739941 /* iOSTestDemoTests.xctest */,
				82CFCF4E2317D78B00739941 /* iOSTestDemoUITests.xctest */,
			);
			name = Products;
			sourceTree = "<group>";
		};
		82CFCF2D2317D78800739941 /* iOSTestDemo */ = {
			isa = PBXGroup;
			children = (
				82CFCF2E2317D78800739941 /* AppDelegate.h */,
				82CFCF2F2317D78800739941 /* AppDelegate.m */,
				82CFCF602317ED4A00739941 /* HomeViewController.h */,
				82CFCF612317ED4A00739941 /* HomeViewController.m */,
				82CFCF342317D78800739941 /* Main.storyboard */,
				82CFCF372317D78A00739941 /* Assets.xcassets */,
				82CFCF392317D78A00739941 /* LaunchScreen.storyboard */,
				82CFCF3C2317D78A00739941 /* Info.plist */,
				82CFCF3D2317D78A00739941 /* main.m */,
			);
			path = iOSTestDemo;
			sourceTree = "<group>";
		};
		82CFCF462317D78B00739941 /* iOSTestDemoTests */ = {
			isa = PBXGroup;
			children = (
				82CFCF472317D78B00739941 /* iOSTestDemoTests.m */,
				82CFCF492317D78B00739941 /* Info.plist */,
			);
			path = iOSTestDemoTests;
			sourceTree = "<group>";
		};
		82CFCF512317D78B00739941 /* iOSTestDemoUITests */ = {
			isa = PBXGroup;
			children = (
				82CFCF522317D78B00739941 /* iOSTestDemoUITests.m */,
				82CFCF542317D78B00739941 /* Info.plist */,
			);
			path = iOSTestDemoUITests;
			sourceTree = "<group>";
		};
		D387E29B6EA70B1EFD006A01 /* Frameworks */ = {
			isa = PBXGroup;
			children = (
				AEB0D5552F9C022207B4D063 /* libPods-iOSTestDemo.a */,
			);
			name = Frameworks;
			sourceTree = "<group>";
		};
/* End PBXGroup section */

/* Begin PBXNativeTarget section */
		82CFCF2A2317D78800739941 /* iOSTestDemo */ = {
			isa = PBXNativeTarget;
			buildConfigurationList = 82CFCF572317D78B00739941 /* Build configuration list for PBXNativeTarget "iOSTestDemo" */;
			buildPhases = (
				01C449F1764F2D825A9409D3 /* [CP] Check Pods Manifest.lock */,
				82CFCF272317D78800739941 /* Sources */,
				82CFCF282317D78800739941 /* Frameworks */,
				82CFCF292317D78800739941 /* Resources */,
				0E1F9C65B831ADED36AE83C5 /* [CP] Copy Pods Resources */,
			);
			buildRules = (
			);
			dependencies = (
			);
			name = iOSTestDemo;
			productName = iOSTestDemo;
			productReference = 82CFCF2B2317D78800739941 /* iOSTestDemo.app */;
			productType = "com.apple.product-type.application";
		};
		82CFCF422317D78B00739941 /* iOSTestDemoTests */ = {
			isa = PBXNativeTarget;
			buildConfigurationList = 82CFCF5A2317D78B00739941 /* Build configuration list for PBXNativeTarget "iOSTestDemoTests" */;
			buildPhases = (
				82CFCF3F2317D78B00739941 /* Sources */,
				82CFCF402317D78B00739941 /* Frameworks */,
				82CFCF412317D78B00739941 /* Resources */,
			);
			buildRules = (
			);
			dependencies = (
				82CFCF452317D78B00739941 /* PBXTargetDependency */,
			);
			name = iOSTestDemoTests;
			productName = iOSTestDemoTests;
			productReference = 82CFCF432317D78B00739941 /* iOSTestDemoTests.xctest */;
			productType = "com.apple.product-type.bundle.unit-test";
		};
		82CFCF4D2317D78B00739941 /* iOSTestDemoUITests */ = {
			isa = PBXNativeTarget;
			buildConfigurationList = 82CFCF5D2317D78B00739941 /* Build configuration list for PBXNativeTarget "iOSTestDemoUITests" */;
			buildPhases = (
				82CFCF4A2317D78B00739941 /* Sources */,
				82CFCF4B2317D78B00739941 /* Frameworks */,
				82CFCF4C2317D78B00739941 /* Resources */,
			);
			buildRules = (
			);
			dependencies = (
				82CFCF502317D78B00739941 /* PBXTargetDependency */,
			);
			name = iOSTestDemoUITests;
			productName = iOSTestDemoUITests;
			productReference = 82CFCF4E2317D78B00739941 /* iOSTestDemoUITests.xctest */;
			productType = "com.apple.product-type.bundle.ui-testing";
		};
/* End PBXNativeTarget section */

/* Begin PBXProject section */
		82CFCF232317D78800739941 /* Project object */ = {
			isa = PBXProject;
			attributes = {
				LastUpgradeCheck = 1010;
				ORGANIZATIONNAME = maxudong;
				TargetAttributes = {
					82CFCF2A2317D78800739941 = {
						CreatedOnToolsVersion = 10.1;
					};
					82CFCF422317D78B00739941 = {
						CreatedOnToolsVersion = 10.1;
						TestTargetID = 82CFCF2A2317D78800739941;
					};
					82CFCF4D2317D78B00739941 = {
						CreatedOnToolsVersion = 10.1;
						TestTargetID = 82CFCF2A2317D78800739941;
					};
				};
			};
			buildConfigurationList = 82CFCF262317D78800739941 /* Build configuration list for PBXProject "iOSTestDemo" */;
			compatibilityVersion = "Xcode 9.3";
			developmentRegion = en;
			hasScannedForEncodings = 0;
			knownRegions = (
				en,
				Base,
			);
			mainGroup = 82CFCF222317D78800739941;
			productRefGroup = 82CFCF2C2317D78800739941 /* Products */;
			projectDirPath = "";
			projectRoot = "";
			targets = (
				82CFCF2A2317D78800739941 /* iOSTestDemo */,
				82CFCF422317D78B00739941 /* iOSTestDemoTests */,
				82CFCF4D2317D78B00739941 /* iOSTestDemoUITests */,
			);
		};
/* End PBXProject section */

/* Begin PBXResourcesBuildPhase section */
		82CFCF292317D78800739941 /* Resources */ = {
			isa = PBXResourcesBuildPhase;
			buildActionMask = 2147483647;
			files = (
				82CFCF3B2317D78A00739941 /* LaunchScreen.storyboard in Resources */,
				82CFCF382317D78A00739941 /* Assets.xcassets in Resources */,
				82CFCF362317D78800739941 /* Main.storyboard in Resources */,
			);
			runOnlyForDeploymentPostprocessing = 0;
		};
		82CFCF412317D78B00739941 /* Resources */ = {
			isa = PBXResourcesBuildPhase;
			buildActionMask = 2147483647;
			files = (
			);
			runOnlyForDeploymentPostprocessing = 0;
		};
		82CFCF4C2317D78B00739941 /* Resources */ = {
			isa = PBXResourcesBuildPhase;
			buildActionMask = 2147483647;
			files = (
			);
			runOnlyForDeploymentPostprocessing = 0;
		};
/* End PBXResourcesBuildPhase section */

/* Begin PBXShellScriptBuildPhase section */
		01C449F1764F2D825A9409D3 /* [CP] Check Pods Manifest.lock */ = {
			isa = PBXShellScriptBuildPhase;
			buildActionMask = 2147483647;
			files = (
			);
			inputPaths = (
				"${PODS_PODFILE_DIR_PATH}/Podfile.lock",
				"${PODS_ROOT}/Manifest.lock",
			);
			name = "[CP] Check Pods Manifest.lock";
			outputPaths = (
				"$(DERIVED_FILE_DIR)/Pods-iOSTestDemo-checkManifestLockResult.txt",
			);
			runOnlyForDeploymentPostprocessing = 0;
			shellPath = /bin/sh;
			shellScript = "diff \"${PODS_PODFILE_DIR_PATH}/Podfile.lock\" \"${PODS_ROOT}/Manifest.lock\" > /dev/null\nif [ $? != 0 ] ; then\n    # print error to STDERR\n    echo \"error: The sandbox is not in sync with the Podfile.lock. Run 'pod install' or update your CocoaPods installation.\" >&2\n    exit 1\nfi\n# This output is used by Xcode 'outputs' to avoid re-running this script phase.\necho \"SUCCESS\" > \"${SCRIPT_OUTPUT_FILE_0}\"\n";
			showEnvVarsInLog = 0;
		};
		0E1F9C65B831ADED36AE83C5 /* [CP] Copy Pods Resources */ = {
			isa = PBXShellScriptBuildPhase;
			buildActionMask = 2147483647;
			files = (
			);
			inputPaths = (
				"${SRCROOT}/Pods/Target Support Files/Pods-iOSTestDemo/Pods-iOSTestDemo-resources.sh",
				"${PODS_ROOT}/MJRefresh/MJRefresh/MJRefresh.bundle",
			);
			name = "[CP] Copy Pods Resources";
			outputPaths = (
				"${TARGET_BUILD_DIR}/${UNLOCALIZED_RESOURCES_FOLDER_PATH}/MJRefresh.bundle",
			);
			runOnlyForDeploymentPostprocessing = 0;
			shellPath = /bin/sh;
			shellScript = "\"${SRCROOT}/Pods/Target Support Files/Pods-iOSTestDemo/Pods-iOSTestDemo-resources.sh\"\n";
			showEnvVarsInLog = 0;
		};
/* End PBXShellScriptBuildPhase section */

/* Begin PBXSourcesBuildPhase section */
		82CFCF272317D78800739941 /* Sources */ = {
			isa = PBXSourcesBuildPhase;
			buildActionMask = 2147483647;
			files = (
				82CFCF3E2317D78A00739941 /* main.m in Sources */,
				82CFCF302317D78800739941 /* AppDelegate.m in Sources */,
				82CFCF622317ED4A00739941 /* HomeViewController.m in Sources */,
			);
			runOnlyForDeploymentPostprocessing = 0;
		};
		82CFCF3F2317D78B00739941 /* Sources */ = {
			isa = PBXSourcesBuildPhase;
			buildActionMask = 2147483647;
			files = (
				82CFCF482317D78B00739941 /* iOSTestDemoTests.m in Sources */,
			);
			runOnlyForDeploymentPostprocessing = 0;
		};
		82CFCF4A2317D78B00739941 /* Sources */ = {
			isa = PBXSourcesBuildPhase;
			buildActionMask = 2147483647;
			files = (
				82CFCF532317D78B00739941 /* iOSTestDemoUITests.m in Sources */,
			);
			runOnlyForDeploymentPostprocessing = 0;
		};
/* End PBXSourcesBuildPhase section */

/* Begin PBXTargetDependency section */
		82CFCF452317D78B00739941 /* PBXTargetDependency */ = {
			isa = PBXTargetDependency;
			target = 82CFCF2A2317D78800739941 /* iOSTestDemo */;
			targetProxy = 82CFCF442317D78B00739941 /* PBXContainerItemProxy */;
		};
		82CFCF502317D78B00739941 /* PBXTargetDependency */ = {
			isa = PBXTargetDependency;
			target = 82CFCF2A2317D78800739941 /* iOSTestDemo */;
			targetProxy = 82CFCF4F2317D78B00739941 /* PBXContainerItemProxy */;
		};
/* End PBXTargetDependency section */

/* Begin PBXVariantGroup section */
		82CFCF342317D78800739941 /* Main.storyboard */ = {
			isa = PBXVariantGroup;
			children = (
				82CFCF352317D78800739941 /* Base */,
			);
			name = Main.storyboard;
			sourceTree = "<group>";
		};
		82CFCF392317D78A00739941 /* LaunchScreen.storyboard */ = {
			isa = PBXVariantGroup;
			children = (
				82CFCF3A2317D78A00739941 /* Base */,
			);
			name = LaunchScreen.storyboard;
			sourceTree = "<group>";
		};
/* End PBXVariantGroup section */

/* Begin XCBuildConfiguration section */
		82CFCF552317D78B00739941 /* Debug */ = {
			isa = XCBuildConfiguration;
			buildSettings = {
				ALWAYS_SEARCH_USER_PATHS = NO;
				CLANG_ANALYZER_NONNULL = YES;
				CLANG_ANALYZER_NUMBER_OBJECT_CONVERSION = YES_AGGRESSIVE;
				CLANG_CXX_LANGUAGE_STANDARD = "gnu++14";
				CLANG_CXX_LIBRARY = "libc++";
				CLANG_ENABLE_MODULES = YES;
				CLANG_ENABLE_OBJC_ARC = YES;
				CLANG_ENABLE_OBJC_WEAK = YES;
				CLANG_WARN_BLOCK_CAPTURE_AUTORELEASING = YES;
				CLANG_WARN_BOOL_CONVERSION = YES;
				CLANG_WARN_COMMA = YES;
				CLANG_WARN_CONSTANT_CONVERSION = YES;
				CLANG_WARN_DEPRECATED_OBJC_IMPLEMENTATIONS = YES;
				CLANG_WARN_DIRECT_OBJC_ISA_USAGE = YES_ERROR;
				CLANG_WARN_DOCUMENTATION_COMMENTS = YES;
				CLANG_WARN_EMPTY_BODY = YES;
				CLANG_WARN_ENUM_CONVERSION = YES;
				CLANG_WARN_INFINITE_RECURSION = YES;
				CLANG_WARN_INT_CONVERSION = YES;
				CLANG_WARN_NON_LITERAL_NULL_CONVERSION = YES;
				CLANG_WARN_OBJC_IMPLICIT_RETAIN_SELF = YES;
				CLANG_WARN_OBJC_LITERAL_CONVERSION = YES;
				CLANG_WARN_OBJC_ROOT_CLASS = YES_ERROR;
				CLANG_WARN_RANGE_LOOP_ANALYSIS = YES;
				CLANG_WARN_STRICT_PROTOTYPES = YES;
				CLANG_WARN_SUSPICIOUS_MOVE = YES;
				CLANG_WARN_UNGUARDED_AVAILABILITY = YES_AGGRESSIVE;
				CLANG_WARN_UNREACHABLE_CODE = YES;
				CLANG_WARN__DUPLICATE_METHOD_MATCH = YES;
				CODE_SIGN_IDENTITY = "iPhone Developer";
				COPY_PHASE_STRIP = NO;
				DEBUG_INFORMATION_FORMAT = dwarf;
				ENABLE_STRICT_OBJC_MSGSEND = YES;
				ENABLE_TESTABILITY = YES;
				GCC_C_LANGUAGE_STANDARD = gnu11;
				GCC_DYNAMIC_NO_PIC = NO;
				GCC_NO_COMMON_BLOCKS = YES;
				GCC_OPTIMIZATION_LEVEL = 0;
				GCC_PREPROCESSOR_DEFINITIONS = (
					"DEBUG=1",
					"$(inherited)",
				);
				GCC_WARN_64_TO_32_BIT_CONVERSION = YES;
				GCC_WARN_ABOUT_RETURN_TYPE = YES_ERROR;
				GCC_WARN_UNDECLARED_SELECTOR = YES;
				GCC_WARN_UNINITIALIZED_AUTOS = YES_AGGRESSIVE;
				GCC_WARN_UNUSED_FUNCTION = YES;
				GCC_WARN_UNUSED_VARIABLE = YES;
				IPHONEOS_DEPLOYMENT_TARGET = 12.1;
				MTL_ENABLE_DEBUG_INFO = INCLUDE_SOURCE;
				MTL_FAST_MATH = YES;
				ONLY_ACTIVE_ARCH = YES;
				SDKROOT = iphoneos;
			};
			name = Debug;
		};
		82CFCF562317D78B00739941 /* Release */ = {
			isa = XCBuildConfiguration;
			buildSettings = {
				ALWAYS_SEARCH_USER_PATHS = NO;
				CLANG_ANALYZER_NONNULL = YES;
				CLANG_ANALYZER_NUMBER_OBJECT_CONVERSION = YES_AGGRESSIVE;
				CLANG_CXX_LANGUAGE_STANDARD = "gnu++14";
				CLANG_CXX_LIBRARY = "libc++";
				CLANG_ENABLE_MODULES = YES;
				CLANG_ENABLE_OBJC_ARC = YES;
				CLANG_ENABLE_OBJC_WEAK = YES;
				CLANG_WARN_BLOCK_CAPTURE_AUTORELEASING = YES;
				CLANG_WARN_BOOL_CONVERSION = YES;
				CLANG_WARN_COMMA = YES;
				CLANG_WARN_CONSTANT_CONVERSION = YES;
				CLANG_WARN_DEPRECATED_OBJC_IMPLEMENTATIONS = YES;
				CLANG_WARN_DIRECT_OBJC_ISA_USAGE = YES_ERROR;
				CLANG_WARN_DOCUMENTATION_COMMENTS = YES;
				CLANG_WARN_EMPTY_BODY = YES;
				CLANG_WARN_ENUM_CONVERSION = YES;
				CLANG_WARN_INFINITE_RECURSION = YES;
				CLANG_WARN_INT_CONVERSION = YES;
				CLANG_WARN_NON_LITERAL_NULL_CONVERSION = YES;
				CLANG_WARN_OBJC_IMPLICIT_RETAIN_SELF = YES;
				CLANG_WARN_OBJC_LITERAL_CONVERSION = YES;
				CLANG_WARN_OBJC_ROOT_CLASS = YES_ERROR;
				CLANG_WARN_RANGE_LOOP_ANALYSIS = YES;
				CLANG_WARN_STRICT_PROTOTYPES = YES;
				CLANG_WARN_SUSPICIOUS_MOVE = YES;
				CLANG_WARN_UNGUARDED_AVAILABILITY = YES_AGGRESSIVE;
				CLANG_WARN_UNREACHABLE_CODE = YES;
				CLANG_WARN__DUPLICATE_METHOD_MATCH = YES;
				CODE_SIGN_IDENTITY = "iPhone Developer";
				COPY_PHASE_STRIP = NO;
				DEBUG_INFORMATION_FORMAT = "dwarf-with-dsym";
				ENABLE_NS_ASSERTIONS = NO;
				ENABLE_STRICT_OBJC_MSGSEND = YES;
				GCC_C_LANGUAGE_STANDARD = gnu11;
				GCC_NO_COMMON_BLOCKS = YES;
				GCC_WARN_64_TO_32_BIT_CONVERSION = YES;
				GCC_WARN_ABOUT_RETURN_TYPE = YES_ERROR;
				GCC_WARN_UNDECLARED_SELECTOR = YES;
				GCC_WARN_UNINITIALIZED_AUTOS = YES_AGGRESSIVE;
				GCC_WARN_UNUSED_FUNCTION = YES;
				GCC_WARN_UNUSED_VARIABLE = YES;
				IPHONEOS_DEPLOYMENT_TARGET = 12.1;
				MTL_ENABLE_DEBUG_INFO = NO;
				MTL_FAST_MATH = YES;
				SDKROOT = iphoneos;
				VALIDATE_PRODUCT = YES;
			};
			name = Release;
		};
		82CFCF582317D78B00739941 /* Debug */ = {
			isa = XCBuildConfiguration;
			baseConfigurationReference = 14412E898A9D1EB7B150EA5D /* Pods-iOSTestDemo.debug.xcconfig */;
			buildSettings = {
				ASSETCATALOG_COMPILER_APPICON_NAME = AppIcon;
				CODE_SIGN_IDENTITY = "iPhone Developer";
				CODE_SIGN_STYLE = Automatic;
				DEVELOPMENT_TEAM = X9V7N75C69;
				INFOPLIST_FILE = iOSTestDemo/Info.plist;
				LD_RUNPATH_SEARCH_PATHS = (
					"$(inherited)",
					"@executable_path/Frameworks",
				);
				PRODUCT_BUNDLE_IDENTIFIER = com.peogoo.iOSDemo.iOSTestDemo;
				PRODUCT_NAME = "$(TARGET_NAME)";
				PROVISIONING_PROFILE_SPECIFIER = "";
				TARGETED_DEVICE_FAMILY = "1,2";
			};
			name = Debug;
		};
		82CFCF592317D78B00739941 /* Release */ = {
			isa = XCBuildConfiguration;
			baseConfigurationReference = F618CF35D88D9E9866A4A3A7 /* Pods-iOSTestDemo.release.xcconfig */;
			buildSettings = {
				ASSETCATALOG_COMPILER_APPICON_NAME = AppIcon;
				CODE_SIGN_IDENTITY = "iPhone Developer";
				CODE_SIGN_STYLE = Automatic;
				DEVELOPMENT_TEAM = X9V7N75C69;
				INFOPLIST_FILE = iOSTestDemo/Info.plist;
				LD_RUNPATH_SEARCH_PATHS = (
					"$(inherited)",
					"@executable_path/Frameworks",
				);
				PRODUCT_BUNDLE_IDENTIFIER = com.peogoo.iOSDemo.iOSTestDemo;
				PRODUCT_NAME = "$(TARGET_NAME)";
				PROVISIONING_PROFILE_SPECIFIER = "";
				TARGETED_DEVICE_FAMILY = "1,2";
			};
			name = Release;
		};
		82CFCF5B2317D78B00739941 /* Debug */ = {
			isa = XCBuildConfiguration;
			buildSettings = {
				BUNDLE_LOADER = "$(TEST_HOST)";
				CODE_SIGN_STYLE = Automatic;
				DEVELOPMENT_TEAM = D6HC8U8E2Z;
				INFOPLIST_FILE = iOSTestDemoTests/Info.plist;
				LD_RUNPATH_SEARCH_PATHS = (
					"$(inherited)",
					"@executable_path/Frameworks",
					"@loader_path/Frameworks",
				);
				PRODUCT_BUNDLE_IDENTIFIER = com.peogoo.iOSDemo.iOSTestDemoTests;
				PRODUCT_NAME = "$(TARGET_NAME)";
				TARGETED_DEVICE_FAMILY = "1,2";
				TEST_HOST = "$(BUILT_PRODUCTS_DIR)/iOSTestDemo.app/iOSTestDemo";
			};
			name = Debug;
		};
		82CFCF5C2317D78B00739941 /* Release */ = {
			isa = XCBuildConfiguration;
			buildSettings = {
				BUNDLE_LOADER = "$(TEST_HOST)";
				CODE_SIGN_STYLE = Automatic;
				DEVELOPMENT_TEAM = D6HC8U8E2Z;
				INFOPLIST_FILE = iOSTestDemoTests/Info.plist;
				LD_RUNPATH_SEARCH_PATHS = (
					"$(inherited)",
					"@executable_path/Frameworks",
					"@loader_path/Frameworks",
				);
				PRODUCT_BUNDLE_IDENTIFIER = com.peogoo.iOSDemo.iOSTestDemoTests;
				PRODUCT_NAME = "$(TARGET_NAME)";
				TARGETED_DEVICE_FAMILY = "1,2";
				TEST_HOST = "$(BUILT_PRODUCTS_DIR)/iOSTestDemo.app/iOSTestDemo";
			};
			name = Release;
		};
		82CFCF5E2317D78B00739941 /* Debug */ = {
			isa = XCBuildConfiguration;
			buildSettings = {
				CODE_SIGN_STYLE = Automatic;
				DEVELOPMENT_TEAM = D6HC8U8E2Z;
				INFOPLIST_FILE = iOSTestDemoUITests/Info.plist;
				LD_RUNPATH_SEARCH_PATHS = (
					"$(inherited)",
					"@executable_path/Frameworks",
					"@loader_path/Frameworks",
				);
				PRODUCT_BUNDLE_IDENTIFIER = com.peogoo.iOSDemo.iOSTestDemoUITests;
				PRODUCT_NAME = "$(TARGET_NAME)";
				TARGETED_DEVICE_FAMILY = "1,2";
				TEST_TARGET_NAME = iOSTestDemo;
			};
			name = Debug;
		};
		82CFCF5F2317D78B00739941 /* Release */ = {
			isa = XCBuildConfiguration;
			buildSettings = {
				CODE_SIGN_STYLE = Automatic;
				DEVELOPMENT_TEAM = D6HC8U8E2Z;
				INFOPLIST_FILE = iOSTestDemoUITests/Info.plist;
				LD_RUNPATH_SEARCH_PATHS = (
					"$(inherited)",
					"@executable_path/Frameworks",
					"@loader_path/Frameworks",
				);
				PRODUCT_BUNDLE_IDENTIFIER = com.peogoo.iOSDemo.iOSTestDemoUITests;
				PRODUCT_NAME = "$(TARGET_NAME)";
				TARGETED_DEVICE_FAMILY = "1,2";
				TEST_TARGET_NAME = iOSTestDemo;
			};
			name = Release;
		};
/* End XCBuildConfiguration section */

/* Begin XCConfigurationList section */
		82CFCF262317D78800739941 /* Build configuration list for PBXProject "iOSTestDemo" */ = {
			isa = XCConfigurationList;
			buildConfigurations = (
				82CFCF552317D78B00739941 /* Debug */,
				82CFCF562317D78B00739941 /* Release */,
			);
			defaultConfigurationIsVisible = 0;
			defaultConfigurationName = Release;
		};
		82CFCF572317D78B00739941 /* Build configuration list for PBXNativeTarget "iOSTestDemo" */ = {
			isa = XCConfigurationList;
			buildConfigurations = (
				82CFCF582317D78B00739941 /* Debug */,
				82CFCF592317D78B00739941 /* Release */,
			);
			defaultConfigurationIsVisible = 0;
			defaultConfigurationName = Release;
		};
		82CFCF5A2317D78B00739941 /* Build configuration list for PBXNativeTarget "iOSTestDemoTests" */ = {
			isa = XCConfigurationList;
			buildConfigurations = (
				82CFCF5B2317D78B00739941 /* Debug */,
				82CFCF5C2317D78B00739941 /* Release */,
			);
			defaultConfigurationIsVisible = 0;
			defaultConfigurationName = Release;
		};
		82CFCF5D2317D78B00739941 /* Build configuration list for PBXNativeTarget "iOSTestDemoUITests" */ = {
			isa = XCConfigurationList;
			buildConfigurations = (
				82CFCF5E2317D78B00739941 /* Debug */,
				82CFCF5F2317D78B00739941 /* Release */,
			);
			defaultConfigurationIsVisible = 0;
			defaultConfigurationName = Release;
		};
/* End XCConfigurationList section */
	};
	rootObject = 82CFCF232317D78800739941 /* Project object */;
}
